
Microsoft Visual Studio Solution File, Format Version 12.00
Project("{FAE04EC0-301F-11D3-BF4B-00C04F79EFBC}") = "APBD_Task_1", "APBD_Task_1\APBD_Task_1.csproj", "{5D14C668-780A-4D89-A91B-48E406907838}"
EndProject
Global
	GlobalSection(SolutionConfigurationPlatforms) = preSolution
		Debug|Any CPU = Debug|Any CPU
		Release|Any CPU = Release|Any CPU
	EndGlobalSection
	GlobalSection(ProjectConfigurationPlatforms) = postSolution
		{5D14C668-780A-4D89-A91B-48E406907838}.Debug|Any CPU.ActiveCfg = Debug|Any CPU
		{5D14C668-780A-4D89-A91B-48E406907838}.Debug|Any CPU.Build.0 = Debug|Any CPU
		{5D14C668-780A-4D89-A91B-48E406907838}.Release|Any CPU.ActiveCfg = Release|Any CPU
		{5D14C668-780A-4D89-A91B-48E406907838}.Release|Any CPU.Build.0 = Release|Any CPU
	EndGlobalSection
EndGlobal
